
Microsoft Visual Studio Solution File, Format Version 12.00
# Visual Studio 14
VisualStudioVersion = 14.0.25420.1
MinimumVisualStudioVersion = 10.0.40219.1
Project("{F184B08F-C81C-45F6-A57F-5ABD9991F28F}") = "dizUI", "dizUI\dizUI.vbproj", "{83ECAF6F-CFF0-4A27-A384-90F09601F789}"
EndProject
Project("{F184B08F-C81C-45F6-A57F-5ABD9991F28F}") = "dizSetting", "dizSetting\dizSetting.vbproj", "{F3A17EED-8D24-42ED-95D6-9F2C7A91EDCA}"
EndProject
Project("{F184B08F-C81C-45F6-A57F-5ABD9991F28F}") = "dizServer", "dizServer\dizServer.vbproj", "{303770A0-1424-40A8-856D-F701B29B33F1}"
EndProject
Project("{F184B08F-C81C-45F6-A57F-5ABD9991F28F}") = "dizUploader", "dizUploader\dizUploader.vbproj", "{F6725454-E6ED-4962-A19C-FAC92D8DE2F9}"
EndProject
Project("{F184B08F-C81C-45F6-A57F-5ABD9991F28F}") = "dizCOAgenerator", "dizCOAgenerator\dizCOAgenerator.vbproj", "{E8BCE4B8-9161-4FF9-9C90-4DB27B60B804}"
EndProject
Project("{F184B08F-C81C-45F6-A57F-5ABD9991F28F}") = "dizProduct", "dizProduct\dizProduct.vbproj", "{A45B736B-493F-40D3-8652-F7F6BCB340CF}"
EndProject
Project("{F184B08F-C81C-45F6-A57F-5ABD9991F28F}") = "dizVoucherGenerator", "dizVoucherGenerator\dizVoucherGenerator.vbproj", "{CBCD05A9-BF7B-4B59-89A9-D156B3DA2716}"
EndProject
Project("{F184B08F-C81C-45F6-A57F-5ABD9991F28F}") = "dizTestingWSLocal", "dizTestingWSLocal\dizTestingWSLocal.vbproj", "{78FC14F2-4AB7-44A7-9F9A-40A8450052C5}"
EndProject
Project("{F184B08F-C81C-45F6-A57F-5ABD9991F28F}") = "dizJadwalDokter", "dizJadwalDokter\dizJadwalDokter.vbproj", "{1C274F23-FD90-4A49-B29A-51E7B8223B19}"
EndProject
Project("{F184B08F-C81C-45F6-A57F-5ABD9991F28F}") = "dizJadwalDokterGenerator", "dizJadwalDokterGenerator\dizJadwalDokterGenerator.vbproj", "{5BC91FF1-8C53-4829-AC8B-BD654512C036}"
EndProject
Project("{F184B08F-C81C-45F6-A57F-5ABD9991F28F}") = "dizMonitorAntrian", "dizMonitorAntrian\dizMonitorAntrian.vbproj", "{61E7B699-2A15-48D7-8557-913FE58CD0E8}"
EndProject
Project("{F184B08F-C81C-45F6-A57F-5ABD9991F28F}") = "dizMonitorAntrianManagement", "dizMonitorAntrianManagement\dizMonitorAntrianManagement.vbproj", "{85075B48-C1C6-43E9-B13B-68AB3B7FBCD0}"
EndProject
Project("{F184B08F-C81C-45F6-A57F-5ABD9991F28F}") = "dizWristbandTester", "dizWristbandTester\dizWristbandTester.vbproj", "{9D65FAE0-2CE3-4328-BCBA-D9A5C37B4425}"
EndProject
Project("{F184B08F-C81C-45F6-A57F-5ABD9991F28F}") = "dizEngine", "dizEngine\dizEngine.vbproj", "{CEEF446D-04F8-4B0A-AC41-8B463E77D138}"
EndProject
Project("{00D1A9C2-B5F0-4AF3-8072-F6C62B433612}") = "dizDB", "dizDB\dizDB.sqlproj", "{35F3BFB5-61BB-4279-B511-C755C660B8F0}"
EndProject
Project("{F184B08F-C81C-45F6-A57F-5ABD9991F28F}") = "dizUIlite", "dizUIlite\dizUIlite.vbproj", "{A926A602-231A-4B64-83C2-944B179175D5}"
EndProject
Project("{F184B08F-C81C-45F6-A57F-5ABD9991F28F}") = "dizNotification", "dizNotification\dizNotification.vbproj", "{DE6F8FAE-C9B8-4B9D-B526-3634E31A6DB5}"
EndProject
Project("{F184B08F-C81C-45F6-A57F-5ABD9991F28F}") = "dizService", "dizService\dizService.vbproj", "{A78857C7-F8DD-4FB0-BF7C-71757217ED76}"
EndProject
Project("{F184B08F-C81C-45F6-A57F-5ABD9991F28F}") = "MigrasiPhone", "MigrasiPhone\MigrasiPhone.vbproj", "{86EB7B08-1FC1-4433-8B03-3D70BA80FF8B}"
EndProject
Project("{FAE04EC0-301F-11D3-BF4B-00C04F79EFBC}") = "consoleTest", "consoleTest\consoleTest.csproj", "{E3232225-05D3-4F8B-9FE3-79ED8AB68FBC}"
EndProject
Project("{F184B08F-C81C-45F6-A57F-5ABD9991F28F}") = "MigrasiUser", "MigrasiUser\MigrasiUser.vbproj", "{F4B1D447-D792-4611-B0C2-91BD11055092}"
EndProject
Global
	GlobalSection(SolutionConfigurationPlatforms) = preSolution
		Debug|Any CPU = Debug|Any CPU
		Demo|Any CPU = Demo|Any CPU
		Live|Any CPU = Live|Any CPU
		Release|Any CPU = Release|Any CPU
	EndGlobalSection
	GlobalSection(ProjectConfigurationPlatforms) = postSolution
		{83ECAF6F-CFF0-4A27-A384-90F09601F789}.Debug|Any CPU.ActiveCfg = Debug|Any CPU
		{83ECAF6F-CFF0-4A27-A384-90F09601F789}.Debug|Any CPU.Build.0 = Debug|Any CPU
		{83ECAF6F-CFF0-4A27-A384-90F09601F789}.Demo|Any CPU.ActiveCfg = Demo|Any CPU
		{83ECAF6F-CFF0-4A27-A384-90F09601F789}.Demo|Any CPU.Build.0 = Demo|Any CPU
		{83ECAF6F-CFF0-4A27-A384-90F09601F789}.Live|Any CPU.ActiveCfg = Live|Any CPU
		{83ECAF6F-CFF0-4A27-A384-90F09601F789}.Live|Any CPU.Build.0 = Live|Any CPU
		{83ECAF6F-CFF0-4A27-A384-90F09601F789}.Release|Any CPU.ActiveCfg = Release|Any CPU
		{83ECAF6F-CFF0-4A27-A384-90F09601F789}.Release|Any CPU.Build.0 = Release|Any CPU
		{F3A17EED-8D24-42ED-95D6-9F2C7A91EDCA}.Debug|Any CPU.ActiveCfg = Debug|Any CPU
		{F3A17EED-8D24-42ED-95D6-9F2C7A91EDCA}.Debug|Any CPU.Build.0 = Debug|Any CPU
		{F3A17EED-8D24-42ED-95D6-9F2C7A91EDCA}.Demo|Any CPU.ActiveCfg = Release|Any CPU
		{F3A17EED-8D24-42ED-95D6-9F2C7A91EDCA}.Demo|Any CPU.Build.0 = Release|Any CPU
		{F3A17EED-8D24-42ED-95D6-9F2C7A91EDCA}.Live|Any CPU.ActiveCfg = Live|Any CPU
		{F3A17EED-8D24-42ED-95D6-9F2C7A91EDCA}.Live|Any CPU.Build.0 = Live|Any CPU
		{F3A17EED-8D24-42ED-95D6-9F2C7A91EDCA}.Release|Any CPU.ActiveCfg = Release|Any CPU
		{F3A17EED-8D24-42ED-95D6-9F2C7A91EDCA}.Release|Any CPU.Build.0 = Release|Any CPU
		{303770A0-1424-40A8-856D-F701B29B33F1}.Debug|Any CPU.ActiveCfg = Debug|Any CPU
		{303770A0-1424-40A8-856D-F701B29B33F1}.Debug|Any CPU.Build.0 = Debug|Any CPU
		{303770A0-1424-40A8-856D-F701B29B33F1}.Demo|Any CPU.ActiveCfg = Debug|Any CPU
		{303770A0-1424-40A8-856D-F701B29B33F1}.Live|Any CPU.ActiveCfg = Debug|Any CPU
		{303770A0-1424-40A8-856D-F701B29B33F1}.Release|Any CPU.ActiveCfg = Release|Any CPU
		{303770A0-1424-40A8-856D-F701B29B33F1}.Release|Any CPU.Build.0 = Release|Any CPU
		{F6725454-E6ED-4962-A19C-FAC92D8DE2F9}.Debug|Any CPU.ActiveCfg = Debug|Any CPU
		{F6725454-E6ED-4962-A19C-FAC92D8DE2F9}.Debug|Any CPU.Build.0 = Debug|Any CPU
		{F6725454-E6ED-4962-A19C-FAC92D8DE2F9}.Demo|Any CPU.ActiveCfg = Release|Any CPU
		{F6725454-E6ED-4962-A19C-FAC92D8DE2F9}.Demo|Any CPU.Build.0 = Release|Any CPU
		{F6725454-E6ED-4962-A19C-FAC92D8DE2F9}.Live|Any CPU.ActiveCfg = Live|Any CPU
		{F6725454-E6ED-4962-A19C-FAC92D8DE2F9}.Live|Any CPU.Build.0 = Live|Any CPU
		{F6725454-E6ED-4962-A19C-FAC92D8DE2F9}.Release|Any CPU.ActiveCfg = Release|Any CPU
		{F6725454-E6ED-4962-A19C-FAC92D8DE2F9}.Release|Any CPU.Build.0 = Release|Any CPU
		{E8BCE4B8-9161-4FF9-9C90-4DB27B60B804}.Debug|Any CPU.ActiveCfg = Debug|Any CPU
		{E8BCE4B8-9161-4FF9-9C90-4DB27B60B804}.Debug|Any CPU.Build.0 = Debug|Any CPU
		{E8BCE4B8-9161-4FF9-9C90-4DB27B60B804}.Demo|Any CPU.ActiveCfg = Release|Any CPU
		{E8BCE4B8-9161-4FF9-9C90-4DB27B60B804}.Demo|Any CPU.Build.0 = Release|Any CPU
		{E8BCE4B8-9161-4FF9-9C90-4DB27B60B804}.Live|Any CPU.ActiveCfg = Live|Any CPU
		{E8BCE4B8-9161-4FF9-9C90-4DB27B60B804}.Live|Any CPU.Build.0 = Live|Any CPU
		{E8BCE4B8-9161-4FF9-9C90-4DB27B60B804}.Release|Any CPU.ActiveCfg = Release|Any CPU
		{E8BCE4B8-9161-4FF9-9C90-4DB27B60B804}.Release|Any CPU.Build.0 = Release|Any CPU
		{A45B736B-493F-40D3-8652-F7F6BCB340CF}.Debug|Any CPU.ActiveCfg = Debug|Any CPU
		{A45B736B-493F-40D3-8652-F7F6BCB340CF}.Debug|Any CPU.Build.0 = Debug|Any CPU
		{A45B736B-493F-40D3-8652-F7F6BCB340CF}.Demo|Any CPU.ActiveCfg = Release|Any CPU
		{A45B736B-493F-40D3-8652-F7F6BCB340CF}.Demo|Any CPU.Build.0 = Release|Any CPU
		{A45B736B-493F-40D3-8652-F7F6BCB340CF}.Live|Any CPU.ActiveCfg = Live|Any CPU
		{A45B736B-493F-40D3-8652-F7F6BCB340CF}.Live|Any CPU.Build.0 = Live|Any CPU
		{A45B736B-493F-40D3-8652-F7F6BCB340CF}.Release|Any CPU.ActiveCfg = Release|Any CPU
		{A45B736B-493F-40D3-8652-F7F6BCB340CF}.Release|Any CPU.Build.0 = Release|Any CPU
		{CBCD05A9-BF7B-4B59-89A9-D156B3DA2716}.Debug|Any CPU.ActiveCfg = Debug|Any CPU
		{CBCD05A9-BF7B-4B59-89A9-D156B3DA2716}.Debug|Any CPU.Build.0 = Debug|Any CPU
		{CBCD05A9-BF7B-4B59-89A9-D156B3DA2716}.Demo|Any CPU.ActiveCfg = Release|Any CPU
		{CBCD05A9-BF7B-4B59-89A9-D156B3DA2716}.Demo|Any CPU.Build.0 = Release|Any CPU
		{CBCD05A9-BF7B-4B59-89A9-D156B3DA2716}.Live|Any CPU.ActiveCfg = Live|Any CPU
		{CBCD05A9-BF7B-4B59-89A9-D156B3DA2716}.Live|Any CPU.Build.0 = Live|Any CPU
		{CBCD05A9-BF7B-4B59-89A9-D156B3DA2716}.Release|Any CPU.ActiveCfg = Release|Any CPU
		{CBCD05A9-BF7B-4B59-89A9-D156B3DA2716}.Release|Any CPU.Build.0 = Release|Any CPU
		{78FC14F2-4AB7-44A7-9F9A-40A8450052C5}.Debug|Any CPU.ActiveCfg = Debug|Any CPU
		{78FC14F2-4AB7-44A7-9F9A-40A8450052C5}.Debug|Any CPU.Build.0 = Debug|Any CPU
		{78FC14F2-4AB7-44A7-9F9A-40A8450052C5}.Demo|Any CPU.ActiveCfg = Release|Any CPU
		{78FC14F2-4AB7-44A7-9F9A-40A8450052C5}.Demo|Any CPU.Build.0 = Release|Any CPU
		{78FC14F2-4AB7-44A7-9F9A-40A8450052C5}.Live|Any CPU.ActiveCfg = Live|Any CPU
		{78FC14F2-4AB7-44A7-9F9A-40A8450052C5}.Live|Any CPU.Build.0 = Live|Any CPU
		{78FC14F2-4AB7-44A7-9F9A-40A8450052C5}.Release|Any CPU.ActiveCfg = Release|Any CPU
		{78FC14F2-4AB7-44A7-9F9A-40A8450052C5}.Release|Any CPU.Build.0 = Release|Any CPU
		{1C274F23-FD90-4A49-B29A-51E7B8223B19}.Debug|Any CPU.ActiveCfg = Debug|Any CPU
		{1C274F23-FD90-4A49-B29A-51E7B8223B19}.Debug|Any CPU.Build.0 = Debug|Any CPU
		{1C274F23-FD90-4A49-B29A-51E7B8223B19}.Demo|Any CPU.ActiveCfg = Release|Any CPU
		{1C274F23-FD90-4A49-B29A-51E7B8223B19}.Demo|Any CPU.Build.0 = Release|Any CPU
		{1C274F23-FD90-4A49-B29A-51E7B8223B19}.Live|Any CPU.ActiveCfg = Live|Any CPU
		{1C274F23-FD90-4A49-B29A-51E7B8223B19}.Live|Any CPU.Build.0 = Live|Any CPU
		{1C274F23-FD90-4A49-B29A-51E7B8223B19}.Release|Any CPU.ActiveCfg = Release|Any CPU
		{1C274F23-FD90-4A49-B29A-51E7B8223B19}.Release|Any CPU.Build.0 = Release|Any CPU
		{5BC91FF1-8C53-4829-AC8B-BD654512C036}.Debug|Any CPU.ActiveCfg = Debug|Any CPU
		{5BC91FF1-8C53-4829-AC8B-BD654512C036}.Debug|Any CPU.Build.0 = Debug|Any CPU
		{5BC91FF1-8C53-4829-AC8B-BD654512C036}.Demo|Any CPU.ActiveCfg = Release|Any CPU
		{5BC91FF1-8C53-4829-AC8B-BD654512C036}.Demo|Any CPU.Build.0 = Release|Any CPU
		{5BC91FF1-8C53-4829-AC8B-BD654512C036}.Live|Any CPU.ActiveCfg = Live|Any CPU
		{5BC91FF1-8C53-4829-AC8B-BD654512C036}.Live|Any CPU.Build.0 = Live|Any CPU
		{5BC91FF1-8C53-4829-AC8B-BD654512C036}.Release|Any CPU.ActiveCfg = Release|Any CPU
		{5BC91FF1-8C53-4829-AC8B-BD654512C036}.Release|Any CPU.Build.0 = Release|Any CPU
		{61E7B699-2A15-48D7-8557-913FE58CD0E8}.Debug|Any CPU.ActiveCfg = Debug|Any CPU
		{61E7B699-2A15-48D7-8557-913FE58CD0E8}.Debug|Any CPU.Build.0 = Debug|Any CPU
		{61E7B699-2A15-48D7-8557-913FE58CD0E8}.Demo|Any CPU.ActiveCfg = Release|Any CPU
		{61E7B699-2A15-48D7-8557-913FE58CD0E8}.Demo|Any CPU.Build.0 = Release|Any CPU
		{61E7B699-2A15-48D7-8557-913FE58CD0E8}.Live|Any CPU.ActiveCfg = Live|Any CPU
		{61E7B699-2A15-48D7-8557-913FE58CD0E8}.Live|Any CPU.Build.0 = Live|Any CPU
		{61E7B699-2A15-48D7-8557-913FE58CD0E8}.Release|Any CPU.ActiveCfg = Release|Any CPU
		{61E7B699-2A15-48D7-8557-913FE58CD0E8}.Release|Any CPU.Build.0 = Release|Any CPU
		{85075B48-C1C6-43E9-B13B-68AB3B7FBCD0}.Debug|Any CPU.ActiveCfg = Debug|Any CPU
		{85075B48-C1C6-43E9-B13B-68AB3B7FBCD0}.Debug|Any CPU.Build.0 = Debug|Any CPU
		{85075B48-C1C6-43E9-B13B-68AB3B7FBCD0}.Demo|Any CPU.ActiveCfg = Release|Any CPU
		{85075B48-C1C6-43E9-B13B-68AB3B7FBCD0}.Demo|Any CPU.Build.0 = Release|Any CPU
		{85075B48-C1C6-43E9-B13B-68AB3B7FBCD0}.Live|Any CPU.ActiveCfg = Live|Any CPU
		{85075B48-C1C6-43E9-B13B-68AB3B7FBCD0}.Live|Any CPU.Build.0 = Live|Any CPU
		{85075B48-C1C6-43E9-B13B-68AB3B7FBCD0}.Release|Any CPU.ActiveCfg = Release|Any CPU
		{85075B48-C1C6-43E9-B13B-68AB3B7FBCD0}.Release|Any CPU.Build.0 = Release|Any CPU
		{9D65FAE0-2CE3-4328-BCBA-D9A5C37B4425}.Debug|Any CPU.ActiveCfg = Debug|Any CPU
		{9D65FAE0-2CE3-4328-BCBA-D9A5C37B4425}.Debug|Any CPU.Build.0 = Debug|Any CPU
		{9D65FAE0-2CE3-4328-BCBA-D9A5C37B4425}.Demo|Any CPU.ActiveCfg = Release|Any CPU
		{9D65FAE0-2CE3-4328-BCBA-D9A5C37B4425}.Demo|Any CPU.Build.0 = Release|Any CPU
		{9D65FAE0-2CE3-4328-BCBA-D9A5C37B4425}.Live|Any CPU.ActiveCfg = Live|Any CPU
		{9D65FAE0-2CE3-4328-BCBA-D9A5C37B4425}.Live|Any CPU.Build.0 = Live|Any CPU
		{9D65FAE0-2CE3-4328-BCBA-D9A5C37B4425}.Release|Any CPU.ActiveCfg = Release|Any CPU
		{9D65FAE0-2CE3-4328-BCBA-D9A5C37B4425}.Release|Any CPU.Build.0 = Release|Any CPU
		{CEEF446D-04F8-4B0A-AC41-8B463E77D138}.Debug|Any CPU.ActiveCfg = Debug|Any CPU
		{CEEF446D-04F8-4B0A-AC41-8B463E77D138}.Debug|Any CPU.Build.0 = Debug|Any CPU
		{CEEF446D-04F8-4B0A-AC41-8B463E77D138}.Demo|Any CPU.ActiveCfg = Release|Any CPU
		{CEEF446D-04F8-4B0A-AC41-8B463E77D138}.Demo|Any CPU.Build.0 = Release|Any CPU
		{CEEF446D-04F8-4B0A-AC41-8B463E77D138}.Live|Any CPU.ActiveCfg = Live|Any CPU
		{CEEF446D-04F8-4B0A-AC41-8B463E77D138}.Live|Any CPU.Build.0 = Live|Any CPU
		{CEEF446D-04F8-4B0A-AC41-8B463E77D138}.Release|Any CPU.ActiveCfg = Release|Any CPU
		{CEEF446D-04F8-4B0A-AC41-8B463E77D138}.Release|Any CPU.Build.0 = Release|Any CPU
		{35F3BFB5-61BB-4279-B511-C755C660B8F0}.Debug|Any CPU.ActiveCfg = Debug|Any CPU
		{35F3BFB5-61BB-4279-B511-C755C660B8F0}.Debug|Any CPU.Build.0 = Debug|Any CPU
		{35F3BFB5-61BB-4279-B511-C755C660B8F0}.Debug|Any CPU.Deploy.0 = Debug|Any CPU
		{35F3BFB5-61BB-4279-B511-C755C660B8F0}.Demo|Any CPU.ActiveCfg = Release|Any CPU
		{35F3BFB5-61BB-4279-B511-C755C660B8F0}.Demo|Any CPU.Build.0 = Release|Any CPU
		{35F3BFB5-61BB-4279-B511-C755C660B8F0}.Demo|Any CPU.Deploy.0 = Release|Any CPU
		{35F3BFB5-61BB-4279-B511-C755C660B8F0}.Live|Any CPU.ActiveCfg = Live|Any CPU
		{35F3BFB5-61BB-4279-B511-C755C660B8F0}.Live|Any CPU.Build.0 = Live|Any CPU
		{35F3BFB5-61BB-4279-B511-C755C660B8F0}.Live|Any CPU.Deploy.0 = Live|Any CPU
		{35F3BFB5-61BB-4279-B511-C755C660B8F0}.Release|Any CPU.ActiveCfg = Release|Any CPU
		{35F3BFB5-61BB-4279-B511-C755C660B8F0}.Release|Any CPU.Build.0 = Release|Any CPU
		{35F3BFB5-61BB-4279-B511-C755C660B8F0}.Release|Any CPU.Deploy.0 = Release|Any CPU
		{A926A602-231A-4B64-83C2-944B179175D5}.Debug|Any CPU.ActiveCfg = Debug|Any CPU
		{A926A602-231A-4B64-83C2-944B179175D5}.Debug|Any CPU.Build.0 = Debug|Any CPU
		{A926A602-231A-4B64-83C2-944B179175D5}.Demo|Any CPU.ActiveCfg = Release|Any CPU
		{A926A602-231A-4B64-83C2-944B179175D5}.Demo|Any CPU.Build.0 = Release|Any CPU
		{A926A602-231A-4B64-83C2-944B179175D5}.Live|Any CPU.ActiveCfg = Live|Any CPU
		{A926A602-231A-4B64-83C2-944B179175D5}.Live|Any CPU.Build.0 = Live|Any CPU
		{A926A602-231A-4B64-83C2-944B179175D5}.Release|Any CPU.ActiveCfg = Release|Any CPU
		{A926A602-231A-4B64-83C2-944B179175D5}.Release|Any CPU.Build.0 = Release|Any CPU
		{DE6F8FAE-C9B8-4B9D-B526-3634E31A6DB5}.Debug|Any CPU.ActiveCfg = Debug|Any CPU
		{DE6F8FAE-C9B8-4B9D-B526-3634E31A6DB5}.Debug|Any CPU.Build.0 = Debug|Any CPU
		{DE6F8FAE-C9B8-4B9D-B526-3634E31A6DB5}.Demo|Any CPU.ActiveCfg = Debug|Any CPU
		{DE6F8FAE-C9B8-4B9D-B526-3634E31A6DB5}.Demo|Any CPU.Build.0 = Debug|Any CPU
		{DE6F8FAE-C9B8-4B9D-B526-3634E31A6DB5}.Live|Any CPU.ActiveCfg = Release|Any CPU
		{DE6F8FAE-C9B8-4B9D-B526-3634E31A6DB5}.Live|Any CPU.Build.0 = Release|Any CPU
		{DE6F8FAE-C9B8-4B9D-B526-3634E31A6DB5}.Release|Any CPU.ActiveCfg = Release|Any CPU
		{DE6F8FAE-C9B8-4B9D-B526-3634E31A6DB5}.Release|Any CPU.Build.0 = Release|Any CPU
		{A78857C7-F8DD-4FB0-BF7C-71757217ED76}.Debug|Any CPU.ActiveCfg = Debug|Any CPU
		{A78857C7-F8DD-4FB0-BF7C-71757217ED76}.Debug|Any CPU.Build.0 = Debug|Any CPU
		{A78857C7-F8DD-4FB0-BF7C-71757217ED76}.Demo|Any CPU.ActiveCfg = Debug|Any CPU
		{A78857C7-F8DD-4FB0-BF7C-71757217ED76}.Demo|Any CPU.Build.0 = Debug|Any CPU
		{A78857C7-F8DD-4FB0-BF7C-71757217ED76}.Live|Any CPU.ActiveCfg = Release|Any CPU
		{A78857C7-F8DD-4FB0-BF7C-71757217ED76}.Live|Any CPU.Build.0 = Release|Any CPU
		{A78857C7-F8DD-4FB0-BF7C-71757217ED76}.Release|Any CPU.ActiveCfg = Release|Any CPU
		{A78857C7-F8DD-4FB0-BF7C-71757217ED76}.Release|Any CPU.Build.0 = Release|Any CPU
		{86EB7B08-1FC1-4433-8B03-3D70BA80FF8B}.Debug|Any CPU.ActiveCfg = Debug|Any CPU
		{86EB7B08-1FC1-4433-8B03-3D70BA80FF8B}.Debug|Any CPU.Build.0 = Debug|Any CPU
		{86EB7B08-1FC1-4433-8B03-3D70BA80FF8B}.Demo|Any CPU.ActiveCfg = Debug|Any CPU
		{86EB7B08-1FC1-4433-8B03-3D70BA80FF8B}.Demo|Any CPU.Build.0 = Debug|Any CPU
		{86EB7B08-1FC1-4433-8B03-3D70BA80FF8B}.Live|Any CPU.ActiveCfg = Release|Any CPU
		{86EB7B08-1FC1-4433-8B03-3D70BA80FF8B}.Live|Any CPU.Build.0 = Release|Any CPU
		{86EB7B08-1FC1-4433-8B03-3D70BA80FF8B}.Release|Any CPU.ActiveCfg = Release|Any CPU
		{86EB7B08-1FC1-4433-8B03-3D70BA80FF8B}.Release|Any CPU.Build.0 = Release|Any CPU
		{E3232225-05D3-4F8B-9FE3-79ED8AB68FBC}.Debug|Any CPU.ActiveCfg = Debug|Any CPU
		{E3232225-05D3-4F8B-9FE3-79ED8AB68FBC}.Debug|Any CPU.Build.0 = Debug|Any CPU
		{E3232225-05D3-4F8B-9FE3-79ED8AB68FBC}.Demo|Any CPU.ActiveCfg = Debug|Any CPU
		{E3232225-05D3-4F8B-9FE3-79ED8AB68FBC}.Demo|Any CPU.Build.0 = Debug|Any CPU
		{E3232225-05D3-4F8B-9FE3-79ED8AB68FBC}.Live|Any CPU.ActiveCfg = Release|Any CPU
		{E3232225-05D3-4F8B-9FE3-79ED8AB68FBC}.Live|Any CPU.Build.0 = Release|Any CPU
		{E3232225-05D3-4F8B-9FE3-79ED8AB68FBC}.Release|Any CPU.ActiveCfg = Release|Any CPU
		{E3232225-05D3-4F8B-9FE3-79ED8AB68FBC}.Release|Any CPU.Build.0 = Release|Any CPU
		{F4B1D447-D792-4611-B0C2-91BD11055092}.Debug|Any CPU.ActiveCfg = Debug|Any CPU
		{F4B1D447-D792-4611-B0C2-91BD11055092}.Debug|Any CPU.Build.0 = Debug|Any CPU
		{F4B1D447-D792-4611-B0C2-91BD11055092}.Demo|Any CPU.ActiveCfg = Debug|Any CPU
		{F4B1D447-D792-4611-B0C2-91BD11055092}.Demo|Any CPU.Build.0 = Debug|Any CPU
		{F4B1D447-D792-4611-B0C2-91BD11055092}.Live|Any CPU.ActiveCfg = Release|Any CPU
		{F4B1D447-D792-4611-B0C2-91BD11055092}.Live|Any CPU.Build.0 = Release|Any CPU
		{F4B1D447-D792-4611-B0C2-91BD11055092}.Release|Any CPU.ActiveCfg = Release|Any CPU
		{F4B1D447-D792-4611-B0C2-91BD11055092}.Release|Any CPU.Build.0 = Release|Any CPU
	EndGlobalSection
	GlobalSection(SolutionProperties) = preSolution
		HideSolutionNode = FALSE
	EndGlobalSection
	GlobalSection(PowerDesigner) = preSolution
		HasSWS = 1
	EndGlobalSection
EndGlobal
