
Microsoft Visual Studio Solution File, Format Version 12.00
# Visual Studio 15
VisualStudioVersion = 15.0.28307.902
MinimumVisualStudioVersion = 10.0.40219.1
Project("{F184B08F-C81C-45F6-A57F-5ABD9991F28F}") = "dizUI", "dizUI\dizUI.vbproj", "{83ECAF6F-CFF0-4A27-A384-90F09601F789}"
EndProject
Project("{F184B08F-C81C-45F6-A57F-5ABD9991F28F}") = "dizSetting", "dizSetting\dizSetting.vbproj", "{F3A17EED-8D24-42ED-95D6-9F2C7A91EDCA}"
EndProject
Project("{F184B08F-C81C-45F6-A57F-5ABD9991F28F}") = "dizUploader", "dizUploader\dizUploader.vbproj", "{F6725454-E6ED-4962-A19C-FAC92D8DE2F9}"
EndProject
Project("{F184B08F-C81C-45F6-A57F-5ABD9991F28F}") = "dizProduct", "dizProduct\dizProduct.vbproj", "{A45B736B-493F-40D3-8652-F7F6BCB340CF}"
EndProject
Project("{F184B08F-C81C-45F6-A57F-5ABD9991F28F}") = "dizVoucherGenerator", "dizVoucherGenerator\dizVoucherGenerator.vbproj", "{CBCD05A9-BF7B-4B59-89A9-D156B3DA2716}"
EndProject
Project("{F184B08F-C81C-45F6-A57F-5ABD9991F28F}") = "dizJadwalDokter", "dizJadwalDokter\dizJadwalDokter.vbproj", "{1C274F23-FD90-4A49-B29A-51E7B8223B19}"
EndProject
Project("{F184B08F-C81C-45F6-A57F-5ABD9991F28F}") = "dizJadwalDokterGenerator", "dizJadwalDokterGenerator\dizJadwalDokterGenerator.vbproj", "{5BC91FF1-8C53-4829-AC8B-BD654512C036}"
EndProject
Project("{F184B08F-C81C-45F6-A57F-5ABD9991F28F}") = "dizMonitorAntrian", "dizMonitorAntrian\dizMonitorAntrian.vbproj", "{61E7B699-2A15-48D7-8557-913FE58CD0E8}"
EndProject
Project("{F184B08F-C81C-45F6-A57F-5ABD9991F28F}") = "dizMonitorAntrianManagement", "dizMonitorAntrianManagement\dizMonitorAntrianManagement.vbproj", "{85075B48-C1C6-43E9-B13B-68AB3B7FBCD0}"
EndProject
Project("{F184B08F-C81C-45F6-A57F-5ABD9991F28F}") = "dizWristbandTester", "dizWristbandTester\dizWristbandTester.vbproj", "{9D65FAE0-2CE3-4328-BCBA-D9A5C37B4425}"
EndProject
Project("{F184B08F-C81C-45F6-A57F-5ABD9991F28F}") = "dizEngine", "dizEngine\dizEngine.vbproj", "{CEEF446D-04F8-4B0A-AC41-8B463E77D138}"
EndProject
Project("{F184B08F-C81C-45F6-A57F-5ABD9991F28F}") = "dizNotification", "dizNotification\dizNotification.vbproj", "{DE6F8FAE-C9B8-4B9D-B526-3634E31A6DB5}"
EndProject
Project("{F184B08F-C81C-45F6-A57F-5ABD9991F28F}") = "GetIDKomputer", "GetIDKomputer\GetIDKomputer.vbproj", "{1B60E742-7BD0-40CF-BB0C-424B98C06F53}"
EndProject
Project("{F184B08F-C81C-45F6-A57F-5ABD9991F28F}") = "dizConsoleTelegramBot", "dizConsoleTelegramBot\dizConsoleTelegramBot.vbproj", "{7F2931D4-9BCE-4921-A805-891DFAC7990A}"
EndProject
Global
	GlobalSection(SolutionConfigurationPlatforms) = preSolution
		Debug|Any CPU = Debug|Any CPU
		Demo|Any CPU = Demo|Any CPU
		Live|Any CPU = Live|Any CPU
		Release|Any CPU = Release|Any CPU
	EndGlobalSection
	GlobalSection(ProjectConfigurationPlatforms) = postSolution
		{83ECAF6F-CFF0-4A27-A384-90F09601F789}.Debug|Any CPU.ActiveCfg = Debug|Any CPU
		{83ECAF6F-CFF0-4A27-A384-90F09601F789}.Debug|Any CPU.Build.0 = Debug|Any CPU
		{83ECAF6F-CFF0-4A27-A384-90F09601F789}.Demo|Any CPU.ActiveCfg = Demo|Any CPU
		{83ECAF6F-CFF0-4A27-A384-90F09601F789}.Demo|Any CPU.Build.0 = Demo|Any CPU
		{83ECAF6F-CFF0-4A27-A384-90F09601F789}.Live|Any CPU.ActiveCfg = Live|Any CPU
		{83ECAF6F-CFF0-4A27-A384-90F09601F789}.Live|Any CPU.Build.0 = Live|Any CPU
		{83ECAF6F-CFF0-4A27-A384-90F09601F789}.Release|Any CPU.ActiveCfg = Release|Any CPU
		{83ECAF6F-CFF0-4A27-A384-90F09601F789}.Release|Any CPU.Build.0 = Release|Any CPU
		{F3A17EED-8D24-42ED-95D6-9F2C7A91EDCA}.Debug|Any CPU.ActiveCfg = Debug|Any CPU
		{F3A17EED-8D24-42ED-95D6-9F2C7A91EDCA}.Debug|Any CPU.Build.0 = Debug|Any CPU
		{F3A17EED-8D24-42ED-95D6-9F2C7A91EDCA}.Demo|Any CPU.ActiveCfg = Release|Any CPU
		{F3A17EED-8D24-42ED-95D6-9F2C7A91EDCA}.Demo|Any CPU.Build.0 = Release|Any CPU
		{F3A17EED-8D24-42ED-95D6-9F2C7A91EDCA}.Live|Any CPU.ActiveCfg = Live|Any CPU
		{F3A17EED-8D24-42ED-95D6-9F2C7A91EDCA}.Live|Any CPU.Build.0 = Live|Any CPU
		{F3A17EED-8D24-42ED-95D6-9F2C7A91EDCA}.Release|Any CPU.ActiveCfg = Release|Any CPU
		{F3A17EED-8D24-42ED-95D6-9F2C7A91EDCA}.Release|Any CPU.Build.0 = Release|Any CPU
		{F6725454-E6ED-4962-A19C-FAC92D8DE2F9}.Debug|Any CPU.ActiveCfg = Debug|Any CPU
		{F6725454-E6ED-4962-A19C-FAC92D8DE2F9}.Debug|Any CPU.Build.0 = Debug|Any CPU
		{F6725454-E6ED-4962-A19C-FAC92D8DE2F9}.Demo|Any CPU.ActiveCfg = Release|Any CPU
		{F6725454-E6ED-4962-A19C-FAC92D8DE2F9}.Demo|Any CPU.Build.0 = Release|Any CPU
		{F6725454-E6ED-4962-A19C-FAC92D8DE2F9}.Live|Any CPU.ActiveCfg = Live|Any CPU
		{F6725454-E6ED-4962-A19C-FAC92D8DE2F9}.Live|Any CPU.Build.0 = Live|Any CPU
		{F6725454-E6ED-4962-A19C-FAC92D8DE2F9}.Release|Any CPU.ActiveCfg = Release|Any CPU
		{F6725454-E6ED-4962-A19C-FAC92D8DE2F9}.Release|Any CPU.Build.0 = Release|Any CPU
		{A45B736B-493F-40D3-8652-F7F6BCB340CF}.Debug|Any CPU.ActiveCfg = Debug|Any CPU
		{A45B736B-493F-40D3-8652-F7F6BCB340CF}.Debug|Any CPU.Build.0 = Debug|Any CPU
		{A45B736B-493F-40D3-8652-F7F6BCB340CF}.Demo|Any CPU.ActiveCfg = Release|Any CPU
		{A45B736B-493F-40D3-8652-F7F6BCB340CF}.Demo|Any CPU.Build.0 = Release|Any CPU
		{A45B736B-493F-40D3-8652-F7F6BCB340CF}.Live|Any CPU.ActiveCfg = Live|Any CPU
		{A45B736B-493F-40D3-8652-F7F6BCB340CF}.Live|Any CPU.Build.0 = Live|Any CPU
		{A45B736B-493F-40D3-8652-F7F6BCB340CF}.Release|Any CPU.ActiveCfg = Release|Any CPU
		{A45B736B-493F-40D3-8652-F7F6BCB340CF}.Release|Any CPU.Build.0 = Release|Any CPU
		{CBCD05A9-BF7B-4B59-89A9-D156B3DA2716}.Debug|Any CPU.ActiveCfg = Debug|Any CPU
		{CBCD05A9-BF7B-4B59-89A9-D156B3DA2716}.Debug|Any CPU.Build.0 = Debug|Any CPU
		{CBCD05A9-BF7B-4B59-89A9-D156B3DA2716}.Demo|Any CPU.ActiveCfg = Release|Any CPU
		{CBCD05A9-BF7B-4B59-89A9-D156B3DA2716}.Demo|Any CPU.Build.0 = Release|Any CPU
		{CBCD05A9-BF7B-4B59-89A9-D156B3DA2716}.Live|Any CPU.ActiveCfg = Live|Any CPU
		{CBCD05A9-BF7B-4B59-89A9-D156B3DA2716}.Live|Any CPU.Build.0 = Live|Any CPU
		{CBCD05A9-BF7B-4B59-89A9-D156B3DA2716}.Release|Any CPU.ActiveCfg = Release|Any CPU
		{CBCD05A9-BF7B-4B59-89A9-D156B3DA2716}.Release|Any CPU.Build.0 = Release|Any CPU
		{1C274F23-FD90-4A49-B29A-51E7B8223B19}.Debug|Any CPU.ActiveCfg = Debug|Any CPU
		{1C274F23-FD90-4A49-B29A-51E7B8223B19}.Debug|Any CPU.Build.0 = Debug|Any CPU
		{1C274F23-FD90-4A49-B29A-51E7B8223B19}.Demo|Any CPU.ActiveCfg = Release|Any CPU
		{1C274F23-FD90-4A49-B29A-51E7B8223B19}.Demo|Any CPU.Build.0 = Release|Any CPU
		{1C274F23-FD90-4A49-B29A-51E7B8223B19}.Live|Any CPU.ActiveCfg = Live|Any CPU
		{1C274F23-FD90-4A49-B29A-51E7B8223B19}.Live|Any CPU.Build.0 = Live|Any CPU
		{1C274F23-FD90-4A49-B29A-51E7B8223B19}.Release|Any CPU.ActiveCfg = Release|Any CPU
		{1C274F23-FD90-4A49-B29A-51E7B8223B19}.Release|Any CPU.Build.0 = Release|Any CPU
		{5BC91FF1-8C53-4829-AC8B-BD654512C036}.Debug|Any CPU.ActiveCfg = Debug|Any CPU
		{5BC91FF1-8C53-4829-AC8B-BD654512C036}.Debug|Any CPU.Build.0 = Debug|Any CPU
		{5BC91FF1-8C53-4829-AC8B-BD654512C036}.Demo|Any CPU.ActiveCfg = Release|Any CPU
		{5BC91FF1-8C53-4829-AC8B-BD654512C036}.Demo|Any CPU.Build.0 = Release|Any CPU
		{5BC91FF1-8C53-4829-AC8B-BD654512C036}.Live|Any CPU.ActiveCfg = Live|Any CPU
		{5BC91FF1-8C53-4829-AC8B-BD654512C036}.Live|Any CPU.Build.0 = Live|Any CPU
		{5BC91FF1-8C53-4829-AC8B-BD654512C036}.Release|Any CPU.ActiveCfg = Release|Any CPU
		{5BC91FF1-8C53-4829-AC8B-BD654512C036}.Release|Any CPU.Build.0 = Release|Any CPU
		{61E7B699-2A15-48D7-8557-913FE58CD0E8}.Debug|Any CPU.ActiveCfg = Debug|Any CPU
		{61E7B699-2A15-48D7-8557-913FE58CD0E8}.Debug|Any CPU.Build.0 = Debug|Any CPU
		{61E7B699-2A15-48D7-8557-913FE58CD0E8}.Demo|Any CPU.ActiveCfg = Release|Any CPU
		{61E7B699-2A15-48D7-8557-913FE58CD0E8}.Demo|Any CPU.Build.0 = Release|Any CPU
		{61E7B699-2A15-48D7-8557-913FE58CD0E8}.Live|Any CPU.ActiveCfg = Live|Any CPU
		{61E7B699-2A15-48D7-8557-913FE58CD0E8}.Live|Any CPU.Build.0 = Live|Any CPU
		{61E7B699-2A15-48D7-8557-913FE58CD0E8}.Release|Any CPU.ActiveCfg = Release|Any CPU
		{61E7B699-2A15-48D7-8557-913FE58CD0E8}.Release|Any CPU.Build.0 = Release|Any CPU
		{85075B48-C1C6-43E9-B13B-68AB3B7FBCD0}.Debug|Any CPU.ActiveCfg = Debug|Any CPU
		{85075B48-C1C6-43E9-B13B-68AB3B7FBCD0}.Debug|Any CPU.Build.0 = Debug|Any CPU
		{85075B48-C1C6-43E9-B13B-68AB3B7FBCD0}.Demo|Any CPU.ActiveCfg = Release|Any CPU
		{85075B48-C1C6-43E9-B13B-68AB3B7FBCD0}.Demo|Any CPU.Build.0 = Release|Any CPU
		{85075B48-C1C6-43E9-B13B-68AB3B7FBCD0}.Live|Any CPU.ActiveCfg = Live|Any CPU
		{85075B48-C1C6-43E9-B13B-68AB3B7FBCD0}.Live|Any CPU.Build.0 = Live|Any CPU
		{85075B48-C1C6-43E9-B13B-68AB3B7FBCD0}.Release|Any CPU.ActiveCfg = Release|Any CPU
		{85075B48-C1C6-43E9-B13B-68AB3B7FBCD0}.Release|Any CPU.Build.0 = Release|Any CPU
		{9D65FAE0-2CE3-4328-BCBA-D9A5C37B4425}.Debug|Any CPU.ActiveCfg = Debug|Any CPU
		{9D65FAE0-2CE3-4328-BCBA-D9A5C37B4425}.Debug|Any CPU.Build.0 = Debug|Any CPU
		{9D65FAE0-2CE3-4328-BCBA-D9A5C37B4425}.Demo|Any CPU.ActiveCfg = Release|Any CPU
		{9D65FAE0-2CE3-4328-BCBA-D9A5C37B4425}.Demo|Any CPU.Build.0 = Release|Any CPU
		{9D65FAE0-2CE3-4328-BCBA-D9A5C37B4425}.Live|Any CPU.ActiveCfg = Live|Any CPU
		{9D65FAE0-2CE3-4328-BCBA-D9A5C37B4425}.Live|Any CPU.Build.0 = Live|Any CPU
		{9D65FAE0-2CE3-4328-BCBA-D9A5C37B4425}.Release|Any CPU.ActiveCfg = Release|Any CPU
		{9D65FAE0-2CE3-4328-BCBA-D9A5C37B4425}.Release|Any CPU.Build.0 = Release|Any CPU
		{CEEF446D-04F8-4B0A-AC41-8B463E77D138}.Debug|Any CPU.ActiveCfg = Debug|Any CPU
		{CEEF446D-04F8-4B0A-AC41-8B463E77D138}.Debug|Any CPU.Build.0 = Debug|Any CPU
		{CEEF446D-04F8-4B0A-AC41-8B463E77D138}.Demo|Any CPU.ActiveCfg = Release|Any CPU
		{CEEF446D-04F8-4B0A-AC41-8B463E77D138}.Demo|Any CPU.Build.0 = Release|Any CPU
		{CEEF446D-04F8-4B0A-AC41-8B463E77D138}.Live|Any CPU.ActiveCfg = Live|Any CPU
		{CEEF446D-04F8-4B0A-AC41-8B463E77D138}.Live|Any CPU.Build.0 = Live|Any CPU
		{CEEF446D-04F8-4B0A-AC41-8B463E77D138}.Release|Any CPU.ActiveCfg = Release|Any CPU
		{CEEF446D-04F8-4B0A-AC41-8B463E77D138}.Release|Any CPU.Build.0 = Release|Any CPU
		{DE6F8FAE-C9B8-4B9D-B526-3634E31A6DB5}.Debug|Any CPU.ActiveCfg = Debug|Any CPU
		{DE6F8FAE-C9B8-4B9D-B526-3634E31A6DB5}.Debug|Any CPU.Build.0 = Debug|Any CPU
		{DE6F8FAE-C9B8-4B9D-B526-3634E31A6DB5}.Demo|Any CPU.ActiveCfg = Debug|Any CPU
		{DE6F8FAE-C9B8-4B9D-B526-3634E31A6DB5}.Demo|Any CPU.Build.0 = Debug|Any CPU
		{DE6F8FAE-C9B8-4B9D-B526-3634E31A6DB5}.Live|Any CPU.ActiveCfg = Release|Any CPU
		{DE6F8FAE-C9B8-4B9D-B526-3634E31A6DB5}.Live|Any CPU.Build.0 = Release|Any CPU
		{DE6F8FAE-C9B8-4B9D-B526-3634E31A6DB5}.Release|Any CPU.ActiveCfg = Release|Any CPU
		{DE6F8FAE-C9B8-4B9D-B526-3634E31A6DB5}.Release|Any CPU.Build.0 = Release|Any CPU
		{1B60E742-7BD0-40CF-BB0C-424B98C06F53}.Debug|Any CPU.ActiveCfg = Debug|Any CPU
		{1B60E742-7BD0-40CF-BB0C-424B98C06F53}.Debug|Any CPU.Build.0 = Debug|Any CPU
		{1B60E742-7BD0-40CF-BB0C-424B98C06F53}.Demo|Any CPU.ActiveCfg = Debug|Any CPU
		{1B60E742-7BD0-40CF-BB0C-424B98C06F53}.Demo|Any CPU.Build.0 = Debug|Any CPU
		{1B60E742-7BD0-40CF-BB0C-424B98C06F53}.Live|Any CPU.ActiveCfg = Release|Any CPU
		{1B60E742-7BD0-40CF-BB0C-424B98C06F53}.Live|Any CPU.Build.0 = Release|Any CPU
		{1B60E742-7BD0-40CF-BB0C-424B98C06F53}.Release|Any CPU.ActiveCfg = Release|Any CPU
		{1B60E742-7BD0-40CF-BB0C-424B98C06F53}.Release|Any CPU.Build.0 = Release|Any CPU
		{7F2931D4-9BCE-4921-A805-891DFAC7990A}.Debug|Any CPU.ActiveCfg = Debug|Any CPU
		{7F2931D4-9BCE-4921-A805-891DFAC7990A}.Debug|Any CPU.Build.0 = Debug|Any CPU
		{7F2931D4-9BCE-4921-A805-891DFAC7990A}.Demo|Any CPU.ActiveCfg = Debug|Any CPU
		{7F2931D4-9BCE-4921-A805-891DFAC7990A}.Demo|Any CPU.Build.0 = Debug|Any CPU
		{7F2931D4-9BCE-4921-A805-891DFAC7990A}.Live|Any CPU.ActiveCfg = Release|Any CPU
		{7F2931D4-9BCE-4921-A805-891DFAC7990A}.Live|Any CPU.Build.0 = Release|Any CPU
		{7F2931D4-9BCE-4921-A805-891DFAC7990A}.Release|Any CPU.ActiveCfg = Release|Any CPU
		{7F2931D4-9BCE-4921-A805-891DFAC7990A}.Release|Any CPU.Build.0 = Release|Any CPU
	EndGlobalSection
	GlobalSection(SolutionProperties) = preSolution
		HideSolutionNode = FALSE
	EndGlobalSection
	GlobalSection(ExtensibilityGlobals) = postSolution
		SolutionGuid = {5F2E1AD7-39F4-4CA4-B371-3AAFBFD56E4A}
	EndGlobalSection
	GlobalSection(PowerDesigner) = preSolution
		HasSWS = 1
	EndGlobalSection
EndGlobal
